// !$*UTF8*$!
{
	archiveVersion = 1;
	classes = {
	};
	objectVersion = 56;
	objects = {

/* Begin PBXBuildFile section */
		B91244DB297E85B100D45632 /* TripitacaTestAppApp.swift in Sources */ = {isa = PBXBuildFile; fileRef = B91244DA297E85B100D45632 /* TripitacaTestAppApp.swift */; };
		B91244DD297E85B100D45632 /* ContentView.swift in Sources */ = {isa = PBXBuildFile; fileRef = B91244DC297E85B100D45632 /* ContentView.swift */; };
		B91244DF297E85B200D45632 /* Assets.xcassets in Resources */ = {isa = PBXBuildFile; fileRef = B91244DE297E85B200D45632 /* Assets.xcassets */; };
		B91244E3297E85B200D45632 /* Preview Assets.xcassets in Resources */ = {isa = PBXBuildFile; fileRef = B91244E2297E85B200D45632 /* Preview Assets.xcassets */; };
		B91244ED297E85B200D45632 /* TripitacaTestAppTests.swift in Sources */ = {isa = PBXBuildFile; fileRef = B91244EC297E85B200D45632 /* TripitacaTestAppTests.swift */; };
		B91244F7297E85B300D45632 /* TripitacaTestAppUITests.swift in Sources */ = {isa = PBXBuildFile; fileRef = B91244F6297E85B300D45632 /* TripitacaTestAppUITests.swift */; };
		B91244F9297E85B300D45632 /* TripitacaTestAppUITestsLaunchTests.swift in Sources */ = {isa = PBXBuildFile; fileRef = B91244F8297E85B300D45632 /* TripitacaTestAppUITestsLaunchTests.swift */; };
		B9124509297E92CD00D45632 /* LoginView.swift in Sources */ = {isa = PBXBuildFile; fileRef = B9124508297E92CD00D45632 /* LoginView.swift */; };
		B912450C297EAE5300D45632 /* FirebaseAuth in Frameworks */ = {isa = PBXBuildFile; productRef = B912450B297EAE5300D45632 /* FirebaseAuth */; };
		B912450E297EAE5300D45632 /* FirebaseDatabase in Frameworks */ = {isa = PBXBuildFile; productRef = B912450D297EAE5300D45632 /* FirebaseDatabase */; };
		B9124510297EAE5300D45632 /* FirebaseDatabaseSwift in Frameworks */ = {isa = PBXBuildFile; productRef = B912450F297EAE5300D45632 /* FirebaseDatabaseSwift */; };
		B91245182981224600D45632 /* HomeView.swift in Sources */ = {isa = PBXBuildFile; fileRef = B91245172981224600D45632 /* HomeView.swift */; };
		B912451A2981260D00D45632 /* MasterBaseView.swift in Sources */ = {isa = PBXBuildFile; fileRef = B91245192981260D00D45632 /* MasterBaseView.swift */; };
		B912451C2981268000D45632 /* OffersView.swift in Sources */ = {isa = PBXBuildFile; fileRef = B912451B2981268000D45632 /* OffersView.swift */; };
		B912451E2981269000D45632 /* AlertsView.swift in Sources */ = {isa = PBXBuildFile; fileRef = B912451D2981269000D45632 /* AlertsView.swift */; };
		B9124520298126A500D45632 /* ProfileView.swift in Sources */ = {isa = PBXBuildFile; fileRef = B912451F298126A500D45632 /* ProfileView.swift */; };
		B91245222981309500D45632 /* CustomTabView.swift in Sources */ = {isa = PBXBuildFile; fileRef = B91245212981309500D45632 /* CustomTabView.swift */; };
		B912452529815F4200D45632 /* Destination.swift in Sources */ = {isa = PBXBuildFile; fileRef = B912452429815F4200D45632 /* Destination.swift */; };
		B9124527298163D600D45632 /* Package.swift in Sources */ = {isa = PBXBuildFile; fileRef = B9124526298163D600D45632 /* Package.swift */; };
		B912452A298175C000D45632 /* SwiftUIFontIcon in Frameworks */ = {isa = PBXBuildFile; productRef = B9124529298175C000D45632 /* SwiftUIFontIcon */; };
		B912452C29817DC500D45632 /* SearchView.swift in Sources */ = {isa = PBXBuildFile; fileRef = B912452B29817DC400D45632 /* SearchView.swift */; };
		B912452F2981A93900D45632 /* CustomSegmentedControl.swift in Sources */ = {isa = PBXBuildFile; fileRef = B912452E2981A93900D45632 /* CustomSegmentedControl.swift */; };
		B91245352981CCBD00D45632 /* AuthManager.swift in Sources */ = {isa = PBXBuildFile; fileRef = B91245342981CCBD00D45632 /* AuthManager.swift */; };
		B91245372981E05800D45632 /* GoogleService-Info.plist in Resources */ = {isa = PBXBuildFile; fileRef = B91245362981E05800D45632 /* GoogleService-Info.plist */; };
		B91245562981E9A200D45632 /* GoogleSignIn in Frameworks */ = {isa = PBXBuildFile; productRef = B91245552981E9A200D45632 /* GoogleSignIn */; };
		B91245582981F5F800D45632 /* GoogleSignInButton.swift in Sources */ = {isa = PBXBuildFile; fileRef = B91245572981F5F800D45632 /* GoogleSignInButton.swift */; };
		B912455A2982705E00D45632 /* StaysSearchView.swift in Sources */ = {isa = PBXBuildFile; fileRef = B91245592982705E00D45632 /* StaysSearchView.swift */; };
		B912455C2982707200D45632 /* PackagesSearchView.swift in Sources */ = {isa = PBXBuildFile; fileRef = B912455B2982707200D45632 /* PackagesSearchView.swift */; };
		B912455E2982713B00D45632 /* StaysListView.swift in Sources */ = {isa = PBXBuildFile; fileRef = B912455D2982713B00D45632 /* StaysListView.swift */; };
		B91245602982715000D45632 /* PackagesListView.swift in Sources */ = {isa = PBXBuildFile; fileRef = B912455F2982715000D45632 /* PackagesListView.swift */; };
		B91245622982780B00D45632 /* DataManager.swift in Sources */ = {isa = PBXBuildFile; fileRef = B91245612982780B00D45632 /* DataManager.swift */; };
		B91245642982945700D45632 /* SessionManager.swift in Sources */ = {isa = PBXBuildFile; fileRef = B91245632982945700D45632 /* SessionManager.swift */; };
		B91245662982AE0F00D45632 /* Stay.swift in Sources */ = {isa = PBXBuildFile; fileRef = B91245652982AE0E00D45632 /* Stay.swift */; };
		B91245682982BE6600D45632 /* StayView.swift in Sources */ = {isa = PBXBuildFile; fileRef = B91245672982BE6600D45632 /* StayView.swift */; };
		B912456A2982BE7A00D45632 /* PackageView.swift in Sources */ = {isa = PBXBuildFile; fileRef = B91245692982BE7A00D45632 /* PackageView.swift */; };
/* End PBXBuildFile section */

/* Begin PBXContainerItemProxy section */
		B91244E9297E85B200D45632 /* PBXContainerItemProxy */ = {
			isa = PBXContainerItemProxy;
			containerPortal = B91244CF297E85B100D45632 /* Project object */;
			proxyType = 1;
			remoteGlobalIDString = B91244D6297E85B100D45632;
			remoteInfo = TripitacaTestApp;
		};
		B91244F3297E85B300D45632 /* PBXContainerItemProxy */ = {
			isa = PBXContainerItemProxy;
			containerPortal = B91244CF297E85B100D45632 /* Project object */;
			proxyType = 1;
			remoteGlobalIDString = B91244D6297E85B100D45632;
			remoteInfo = TripitacaTestApp;
		};
/* End PBXContainerItemProxy section */

/* Begin PBXFileReference section */
		B91244D7297E85B100D45632 /* TripitacaTestApp.app */ = {isa = PBXFileReference; explicitFileType = wrapper.application; includeInIndex = 0; path = TripitacaTestApp.app; sourceTree = BUILT_PRODUCTS_DIR; };
		B91244DA297E85B100D45632 /* TripitacaTestAppApp.swift */ = {isa = PBXFileReference; lastKnownFileType = sourcecode.swift; path = TripitacaTestAppApp.swift; sourceTree = "<group>"; };
		B91244DC297E85B100D45632 /* ContentView.swift */ = {isa = PBXFileReference; lastKnownFileType = sourcecode.swift; path = ContentView.swift; sourceTree = "<group>"; };
		B91244DE297E85B200D45632 /* Assets.xcassets */ = {isa = PBXFileReference; lastKnownFileType = folder.assetcatalog; path = Assets.xcassets; sourceTree = "<group>"; };
		B91244E0297E85B200D45632 /* TripitacaTestApp.entitlements */ = {isa = PBXFileReference; lastKnownFileType = text.plist.entitlements; path = TripitacaTestApp.entitlements; sourceTree = "<group>"; };
		B91244E2297E85B200D45632 /* Preview Assets.xcassets */ = {isa = PBXFileReference; lastKnownFileType = folder.assetcatalog; path = "Preview Assets.xcassets"; sourceTree = "<group>"; };
		B91244E8297E85B200D45632 /* TripitacaTestAppTests.xctest */ = {isa = PBXFileReference; explicitFileType = wrapper.cfbundle; includeInIndex = 0; path = TripitacaTestAppTests.xctest; sourceTree = BUILT_PRODUCTS_DIR; };
		B91244EC297E85B200D45632 /* TripitacaTestAppTests.swift */ = {isa = PBXFileReference; lastKnownFileType = sourcecode.swift; path = TripitacaTestAppTests.swift; sourceTree = "<group>"; };
		B91244F2297E85B300D45632 /* TripitacaTestAppUITests.xctest */ = {isa = PBXFileReference; explicitFileType = wrapper.cfbundle; includeInIndex = 0; path = TripitacaTestAppUITests.xctest; sourceTree = BUILT_PRODUCTS_DIR; };
		B91244F6297E85B300D45632 /* TripitacaTestAppUITests.swift */ = {isa = PBXFileReference; lastKnownFileType = sourcecode.swift; path = TripitacaTestAppUITests.swift; sourceTree = "<group>"; };
		B91244F8297E85B300D45632 /* TripitacaTestAppUITestsLaunchTests.swift */ = {isa = PBXFileReference; lastKnownFileType = sourcecode.swift; path = TripitacaTestAppUITestsLaunchTests.swift; sourceTree = "<group>"; };
		B9124508297E92CD00D45632 /* LoginView.swift */ = {isa = PBXFileReference; lastKnownFileType = sourcecode.swift; path = LoginView.swift; sourceTree = "<group>"; };
		B91245172981224600D45632 /* HomeView.swift */ = {isa = PBXFileReference; lastKnownFileType = sourcecode.swift; path = HomeView.swift; sourceTree = "<group>"; };
		B91245192981260D00D45632 /* MasterBaseView.swift */ = {isa = PBXFileReference; lastKnownFileType = sourcecode.swift; path = MasterBaseView.swift; sourceTree = "<group>"; };
		B912451B2981268000D45632 /* OffersView.swift */ = {isa = PBXFileReference; lastKnownFileType = sourcecode.swift; path = OffersView.swift; sourceTree = "<group>"; };
		B912451D2981269000D45632 /* AlertsView.swift */ = {isa = PBXFileReference; lastKnownFileType = sourcecode.swift; path = AlertsView.swift; sourceTree = "<group>"; };
		B912451F298126A500D45632 /* ProfileView.swift */ = {isa = PBXFileReference; lastKnownFileType = sourcecode.swift; path = ProfileView.swift; sourceTree = "<group>"; };
		B91245212981309500D45632 /* CustomTabView.swift */ = {isa = PBXFileReference; lastKnownFileType = sourcecode.swift; path = CustomTabView.swift; sourceTree = "<group>"; };
		B912452429815F4200D45632 /* Destination.swift */ = {isa = PBXFileReference; lastKnownFileType = sourcecode.swift; path = Destination.swift; sourceTree = "<group>"; };
		B9124526298163D600D45632 /* Package.swift */ = {isa = PBXFileReference; lastKnownFileType = sourcecode.swift; path = Package.swift; sourceTree = "<group>"; };
		B912452B29817DC400D45632 /* SearchView.swift */ = {isa = PBXFileReference; lastKnownFileType = sourcecode.swift; path = SearchView.swift; sourceTree = "<group>"; };
		B912452E2981A93900D45632 /* CustomSegmentedControl.swift */ = {isa = PBXFileReference; lastKnownFileType = sourcecode.swift; path = CustomSegmentedControl.swift; sourceTree = "<group>"; };
		B91245322981CBC700D45632 /* Info.plist */ = {isa = PBXFileReference; lastKnownFileType = text.plist; path = Info.plist; sourceTree = "<group>"; };
		B91245342981CCBD00D45632 /* AuthManager.swift */ = {isa = PBXFileReference; lastKnownFileType = sourcecode.swift; path = AuthManager.swift; sourceTree = "<group>"; };
		B91245362981E05800D45632 /* GoogleService-Info.plist */ = {isa = PBXFileReference; fileEncoding = 4; lastKnownFileType = text.plist.xml; path = "GoogleService-Info.plist"; sourceTree = "<group>"; };
		B91245572981F5F800D45632 /* GoogleSignInButton.swift */ = {isa = PBXFileReference; lastKnownFileType = sourcecode.swift; path = GoogleSignInButton.swift; sourceTree = "<group>"; };
		B91245592982705E00D45632 /* StaysSearchView.swift */ = {isa = PBXFileReference; lastKnownFileType = sourcecode.swift; path = StaysSearchView.swift; sourceTree = "<group>"; };
		B912455B2982707200D45632 /* PackagesSearchView.swift */ = {isa = PBXFileReference; lastKnownFileType = sourcecode.swift; path = PackagesSearchView.swift; sourceTree = "<group>"; };
		B912455D2982713B00D45632 /* StaysListView.swift */ = {isa = PBXFileReference; lastKnownFileType = sourcecode.swift; path = StaysListView.swift; sourceTree = "<group>"; };
		B912455F2982715000D45632 /* PackagesListView.swift */ = {isa = PBXFileReference; lastKnownFileType = sourcecode.swift; path = PackagesListView.swift; sourceTree = "<group>"; };
		B91245612982780B00D45632 /* DataManager.swift */ = {isa = PBXFileReference; lastKnownFileType = sourcecode.swift; path = DataManager.swift; sourceTree = "<group>"; };
		B91245632982945700D45632 /* SessionManager.swift */ = {isa = PBXFileReference; lastKnownFileType = sourcecode.swift; path = SessionManager.swift; sourceTree = "<group>"; };
		B91245652982AE0E00D45632 /* Stay.swift */ = {isa = PBXFileReference; lastKnownFileType = sourcecode.swift; path = Stay.swift; sourceTree = "<group>"; };
		B91245672982BE6600D45632 /* StayView.swift */ = {isa = PBXFileReference; lastKnownFileType = sourcecode.swift; path = StayView.swift; sourceTree = "<group>"; };
		B91245692982BE7A00D45632 /* PackageView.swift */ = {isa = PBXFileReference; lastKnownFileType = sourcecode.swift; path = PackageView.swift; sourceTree = "<group>"; };
/* End PBXFileReference section */

/* Begin PBXFrameworksBuildPhase section */
		B91244D4297E85B100D45632 /* Frameworks */ = {
			isa = PBXFrameworksBuildPhase;
			buildActionMask = 2147483647;
			files = (
				B91245562981E9A200D45632 /* GoogleSignIn in Frameworks */,
				B912452A298175C000D45632 /* SwiftUIFontIcon in Frameworks */,
				B9124510297EAE5300D45632 /* FirebaseDatabaseSwift in Frameworks */,
				B912450E297EAE5300D45632 /* FirebaseDatabase in Frameworks */,
				B912450C297EAE5300D45632 /* FirebaseAuth in Frameworks */,
			);
			runOnlyForDeploymentPostprocessing = 0;
		};
		B91244E5297E85B200D45632 /* Frameworks */ = {
			isa = PBXFrameworksBuildPhase;
			buildActionMask = 2147483647;
			files = (
			);
			runOnlyForDeploymentPostprocessing = 0;
		};
		B91244EF297E85B300D45632 /* Frameworks */ = {
			isa = PBXFrameworksBuildPhase;
			buildActionMask = 2147483647;
			files = (
			);
			runOnlyForDeploymentPostprocessing = 0;
		};
/* End PBXFrameworksBuildPhase section */

/* Begin PBXGroup section */
		B91244CE297E85B100D45632 = {
			isa = PBXGroup;
			children = (
				B91244D9297E85B100D45632 /* TripitacaTestApp */,
				B91244EB297E85B200D45632 /* TripitacaTestAppTests */,
				B91244F5297E85B300D45632 /* TripitacaTestAppUITests */,
				B91244D8297E85B100D45632 /* Products */,
			);
			sourceTree = "<group>";
		};
		B91244D8297E85B100D45632 /* Products */ = {
			isa = PBXGroup;
			children = (
				B91244D7297E85B100D45632 /* TripitacaTestApp.app */,
				B91244E8297E85B200D45632 /* TripitacaTestAppTests.xctest */,
				B91244F2297E85B300D45632 /* TripitacaTestAppUITests.xctest */,
			);
			name = Products;
			sourceTree = "<group>";
		};
		B91244D9297E85B100D45632 /* TripitacaTestApp */ = {
			isa = PBXGroup;
			children = (
				B91245332981CC8900D45632 /* View Model */,
				B912452D2981A90900D45632 /* Utils */,
				B912452329815F2200D45632 /* Data */,
				B91245162981222900D45632 /* Views */,
				B9124507297E929100D45632 /* Auth */,
				B91244DA297E85B100D45632 /* TripitacaTestAppApp.swift */,
				B91244DC297E85B100D45632 /* ContentView.swift */,
				B91244DE297E85B200D45632 /* Assets.xcassets */,
				B91244E0297E85B200D45632 /* TripitacaTestApp.entitlements */,
				B91245322981CBC700D45632 /* Info.plist */,
				B91245362981E05800D45632 /* GoogleService-Info.plist */,
				B91244E1297E85B200D45632 /* Preview Content */,
			);
			path = TripitacaTestApp;
			sourceTree = "<group>";
		};
		B91244E1297E85B200D45632 /* Preview Content */ = {
			isa = PBXGroup;
			children = (
				B91244E2297E85B200D45632 /* Preview Assets.xcassets */,
			);
			path = "Preview Content";
			sourceTree = "<group>";
		};
		B91244EB297E85B200D45632 /* TripitacaTestAppTests */ = {
			isa = PBXGroup;
			children = (
				B91244EC297E85B200D45632 /* TripitacaTestAppTests.swift */,
			);
			path = TripitacaTestAppTests;
			sourceTree = "<group>";
		};
		B91244F5297E85B300D45632 /* TripitacaTestAppUITests */ = {
			isa = PBXGroup;
			children = (
				B91244F6297E85B300D45632 /* TripitacaTestAppUITests.swift */,
				B91244F8297E85B300D45632 /* TripitacaTestAppUITestsLaunchTests.swift */,
			);
			path = TripitacaTestAppUITests;
			sourceTree = "<group>";
		};
		B9124507297E929100D45632 /* Auth */ = {
			isa = PBXGroup;
			children = (
				B9124508297E92CD00D45632 /* LoginView.swift */,
			);
			path = Auth;
			sourceTree = "<group>";
		};
		B91245162981222900D45632 /* Views */ = {
			isa = PBXGroup;
			children = (
				B91245172981224600D45632 /* HomeView.swift */,
				B91245192981260D00D45632 /* MasterBaseView.swift */,
				B912451B2981268000D45632 /* OffersView.swift */,
				B912451D2981269000D45632 /* AlertsView.swift */,
				B912451F298126A500D45632 /* ProfileView.swift */,
				B91245212981309500D45632 /* CustomTabView.swift */,
				B912452B29817DC400D45632 /* SearchView.swift */,
				B91245592982705E00D45632 /* StaysSearchView.swift */,
				B912455B2982707200D45632 /* PackagesSearchView.swift */,
				B912455D2982713B00D45632 /* StaysListView.swift */,
				B912455F2982715000D45632 /* PackagesListView.swift */,
				B91245672982BE6600D45632 /* StayView.swift */,
				B91245692982BE7A00D45632 /* PackageView.swift */,
			);
			path = Views;
			sourceTree = "<group>";
		};
		B912452329815F2200D45632 /* Data */ = {
			isa = PBXGroup;
			children = (
				B912452429815F4200D45632 /* Destination.swift */,
				B9124526298163D600D45632 /* Package.swift */,
				B91245652982AE0E00D45632 /* Stay.swift */,
			);
			path = Data;
			sourceTree = "<group>";
		};
		B912452D2981A90900D45632 /* Utils */ = {
			isa = PBXGroup;
			children = (
				B912452E2981A93900D45632 /* CustomSegmentedControl.swift */,
				B91245572981F5F800D45632 /* GoogleSignInButton.swift */,
				B91245632982945700D45632 /* SessionManager.swift */,
			);
			path = Utils;
			sourceTree = "<group>";
		};
		B91245332981CC8900D45632 /* View Model */ = {
			isa = PBXGroup;
			children = (
				B91245342981CCBD00D45632 /* AuthManager.swift */,
				B91245612982780B00D45632 /* DataManager.swift */,
			);
			path = "View Model";
			sourceTree = "<group>";
		};
/* End PBXGroup section */

/* Begin PBXNativeTarget section */
		B91244D6297E85B100D45632 /* TripitacaTestApp */ = {
			isa = PBXNativeTarget;
			buildConfigurationList = B91244FC297E85B300D45632 /* Build configuration list for PBXNativeTarget "TripitacaTestApp" */;
			buildPhases = (
				B91244D3297E85B100D45632 /* Sources */,
				B91244D4297E85B100D45632 /* Frameworks */,
				B91244D5297E85B100D45632 /* Resources */,
			);
			buildRules = (
			);
			dependencies = (
			);
			name = TripitacaTestApp;
			packageProductDependencies = (
				B912450B297EAE5300D45632 /* FirebaseAuth */,
				B912450D297EAE5300D45632 /* FirebaseDatabase */,
				B912450F297EAE5300D45632 /* FirebaseDatabaseSwift */,
				B9124529298175C000D45632 /* SwiftUIFontIcon */,
				B91245552981E9A200D45632 /* GoogleSignIn */,
			);
			productName = TripitacaTestApp;
			productReference = B91244D7297E85B100D45632 /* TripitacaTestApp.app */;
			productType = "com.apple.product-type.application";
		};
		B91244E7297E85B200D45632 /* TripitacaTestAppTests */ = {
			isa = PBXNativeTarget;
			buildConfigurationList = B91244FF297E85B300D45632 /* Build configuration list for PBXNativeTarget "TripitacaTestAppTests" */;
			buildPhases = (
				B91244E4297E85B200D45632 /* Sources */,
				B91244E5297E85B200D45632 /* Frameworks */,
				B91244E6297E85B200D45632 /* Resources */,
			);
			buildRules = (
			);
			dependencies = (
				B91244EA297E85B200D45632 /* PBXTargetDependency */,
			);
			name = TripitacaTestAppTests;
			productName = TripitacaTestAppTests;
			productReference = B91244E8297E85B200D45632 /* TripitacaTestAppTests.xctest */;
			productType = "com.apple.product-type.bundle.unit-test";
		};
		B91244F1297E85B300D45632 /* TripitacaTestAppUITests */ = {
			isa = PBXNativeTarget;
			buildConfigurationList = B9124502297E85B300D45632 /* Build configuration list for PBXNativeTarget "TripitacaTestAppUITests" */;
			buildPhases = (
				B91244EE297E85B300D45632 /* Sources */,
				B91244EF297E85B300D45632 /* Frameworks */,
				B91244F0297E85B300D45632 /* Resources */,
			);
			buildRules = (
			);
			dependencies = (
				B91244F4297E85B300D45632 /* PBXTargetDependency */,
			);
			name = TripitacaTestAppUITests;
			productName = TripitacaTestAppUITests;
			productReference = B91244F2297E85B300D45632 /* TripitacaTestAppUITests.xctest */;
			productType = "com.apple.product-type.bundle.ui-testing";
		};
/* End PBXNativeTarget section */

/* Begin PBXProject section */
		B91244CF297E85B100D45632 /* Project object */ = {
			isa = PBXProject;
			attributes = {
				BuildIndependentTargetsInParallel = 1;
				LastSwiftUpdateCheck = 1420;
				LastUpgradeCheck = 1420;
				TargetAttributes = {
					B91244D6297E85B100D45632 = {
						CreatedOnToolsVersion = 14.2;
					};
					B91244E7297E85B200D45632 = {
						CreatedOnToolsVersion = 14.2;
						TestTargetID = B91244D6297E85B100D45632;
					};
					B91244F1297E85B300D45632 = {
						CreatedOnToolsVersion = 14.2;
						TestTargetID = B91244D6297E85B100D45632;
					};
				};
			};
			buildConfigurationList = B91244D2297E85B100D45632 /* Build configuration list for PBXProject "TripitacaTestApp" */;
			compatibilityVersion = "Xcode 14.0";
			developmentRegion = en;
			hasScannedForEncodings = 0;
			knownRegions = (
				en,
				Base,
			);
			mainGroup = B91244CE297E85B100D45632;
			packageReferences = (
				B912450A297EAE5300D45632 /* XCRemoteSwiftPackageReference "firebase-ios-sdk" */,
				B9124528298175C000D45632 /* XCRemoteSwiftPackageReference "SwiftUIFontIcon" */,
				B91245542981E9A200D45632 /* XCRemoteSwiftPackageReference "GoogleSignIn-iOS" */,
			);
			productRefGroup = B91244D8297E85B100D45632 /* Products */;
			projectDirPath = "";
			projectRoot = "";
			targets = (
				B91244D6297E85B100D45632 /* TripitacaTestApp */,
				B91244E7297E85B200D45632 /* TripitacaTestAppTests */,
				B91244F1297E85B300D45632 /* TripitacaTestAppUITests */,
			);
		};
/* End PBXProject section */

/* Begin PBXResourcesBuildPhase section */
		B91244D5297E85B100D45632 /* Resources */ = {
			isa = PBXResourcesBuildPhase;
			buildActionMask = 2147483647;
			files = (
				B91244E3297E85B200D45632 /* Preview Assets.xcassets in Resources */,
				B91244DF297E85B200D45632 /* Assets.xcassets in Resources */,
				B91245372981E05800D45632 /* GoogleService-Info.plist in Resources */,
			);
			runOnlyForDeploymentPostprocessing = 0;
		};
		B91244E6297E85B200D45632 /* Resources */ = {
			isa = PBXResourcesBuildPhase;
			buildActionMask = 2147483647;
			files = (
			);
			runOnlyForDeploymentPostprocessing = 0;
		};
		B91244F0297E85B300D45632 /* Resources */ = {
			isa = PBXResourcesBuildPhase;
			buildActionMask = 2147483647;
			files = (
			);
			runOnlyForDeploymentPostprocessing = 0;
		};
/* End PBXResourcesBuildPhase section */

/* Begin PBXSourcesBuildPhase section */
		B91244D3297E85B100D45632 /* Sources */ = {
			isa = PBXSourcesBuildPhase;
			buildActionMask = 2147483647;
			files = (
				B9124520298126A500D45632 /* ProfileView.swift in Sources */,
				B91245622982780B00D45632 /* DataManager.swift in Sources */,
				B91245352981CCBD00D45632 /* AuthManager.swift in Sources */,
				B912456A2982BE7A00D45632 /* PackageView.swift in Sources */,
				B9124509297E92CD00D45632 /* LoginView.swift in Sources */,
				B912452529815F4200D45632 /* Destination.swift in Sources */,
				B91245602982715000D45632 /* PackagesListView.swift in Sources */,
				B912451E2981269000D45632 /* AlertsView.swift in Sources */,
				B912455C2982707200D45632 /* PackagesSearchView.swift in Sources */,
				B912455A2982705E00D45632 /* StaysSearchView.swift in Sources */,
				B912452C29817DC500D45632 /* SearchView.swift in Sources */,
				B91245182981224600D45632 /* HomeView.swift in Sources */,
				B91245582981F5F800D45632 /* GoogleSignInButton.swift in Sources */,
				B91245682982BE6600D45632 /* StayView.swift in Sources */,
				B912451A2981260D00D45632 /* MasterBaseView.swift in Sources */,
				B912451C2981268000D45632 /* OffersView.swift in Sources */,
				B912452F2981A93900D45632 /* CustomSegmentedControl.swift in Sources */,
				B912455E2982713B00D45632 /* StaysListView.swift in Sources */,
				B91245222981309500D45632 /* CustomTabView.swift in Sources */,
				B91244DD297E85B100D45632 /* ContentView.swift in Sources */,
				B9124527298163D600D45632 /* Package.swift in Sources */,
				B91244DB297E85B100D45632 /* TripitacaTestAppApp.swift in Sources */,
				B91245662982AE0F00D45632 /* Stay.swift in Sources */,
				B91245642982945700D45632 /* SessionManager.swift in Sources */,
			);
			runOnlyForDeploymentPostprocessing = 0;
		};
		B91244E4297E85B200D45632 /* Sources */ = {
			isa = PBXSourcesBuildPhase;
			buildActionMask = 2147483647;
			files = (
				B91244ED297E85B200D45632 /* TripitacaTestAppTests.swift in Sources */,
			);
			runOnlyForDeploymentPostprocessing = 0;
		};
		B91244EE297E85B300D45632 /* Sources */ = {
			isa = PBXSourcesBuildPhase;
			buildActionMask = 2147483647;
			files = (
				B91244F9297E85B300D45632 /* TripitacaTestAppUITestsLaunchTests.swift in Sources */,
				B91244F7297E85B300D45632 /* TripitacaTestAppUITests.swift in Sources */,
			);
			runOnlyForDeploymentPostprocessing = 0;
		};
/* End PBXSourcesBuildPhase section */

/* Begin PBXTargetDependency section */
		B91244EA297E85B200D45632 /* PBXTargetDependency */ = {
			isa = PBXTargetDependency;
			target = B91244D6297E85B100D45632 /* TripitacaTestApp */;
			targetProxy = B91244E9297E85B200D45632 /* PBXContainerItemProxy */;
		};
		B91244F4297E85B300D45632 /* PBXTargetDependency */ = {
			isa = PBXTargetDependency;
			target = B91244D6297E85B100D45632 /* TripitacaTestApp */;
			targetProxy = B91244F3297E85B300D45632 /* PBXContainerItemProxy */;
		};
/* End PBXTargetDependency section */

/* Begin XCBuildConfiguration section */
		B91244FA297E85B300D45632 /* Debug */ = {
			isa = XCBuildConfiguration;
			buildSettings = {
				ALWAYS_SEARCH_USER_PATHS = NO;
				CLANG_ANALYZER_NONNULL = YES;
				CLANG_ANALYZER_NUMBER_OBJECT_CONVERSION = YES_AGGRESSIVE;
				CLANG_CXX_LANGUAGE_STANDARD = "gnu++20";
				CLANG_ENABLE_MODULES = YES;
				CLANG_ENABLE_OBJC_ARC = YES;
				CLANG_ENABLE_OBJC_WEAK = YES;
				CLANG_WARN_BLOCK_CAPTURE_AUTORELEASING = YES;
				CLANG_WARN_BOOL_CONVERSION = YES;
				CLANG_WARN_COMMA = YES;
				CLANG_WARN_CONSTANT_CONVERSION = YES;
				CLANG_WARN_DEPRECATED_OBJC_IMPLEMENTATIONS = YES;
				CLANG_WARN_DIRECT_OBJC_ISA_USAGE = YES_ERROR;
				CLANG_WARN_DOCUMENTATION_COMMENTS = YES;
				CLANG_WARN_EMPTY_BODY = YES;
				CLANG_WARN_ENUM_CONVERSION = YES;
				CLANG_WARN_INFINITE_RECURSION = YES;
				CLANG_WARN_INT_CONVERSION = YES;
				CLANG_WARN_NON_LITERAL_NULL_CONVERSION = YES;
				CLANG_WARN_OBJC_IMPLICIT_RETAIN_SELF = YES;
				CLANG_WARN_OBJC_LITERAL_CONVERSION = YES;
				CLANG_WARN_OBJC_ROOT_CLASS = YES_ERROR;
				CLANG_WARN_QUOTED_INCLUDE_IN_FRAMEWORK_HEADER = YES;
				CLANG_WARN_RANGE_LOOP_ANALYSIS = YES;
				CLANG_WARN_STRICT_PROTOTYPES = YES;
				CLANG_WARN_SUSPICIOUS_MOVE = YES;
				CLANG_WARN_UNGUARDED_AVAILABILITY = YES_AGGRESSIVE;
				CLANG_WARN_UNREACHABLE_CODE = YES;
				CLANG_WARN__DUPLICATE_METHOD_MATCH = YES;
				COPY_PHASE_STRIP = NO;
				DEBUG_INFORMATION_FORMAT = dwarf;
				ENABLE_STRICT_OBJC_MSGSEND = YES;
				ENABLE_TESTABILITY = YES;
				GCC_C_LANGUAGE_STANDARD = gnu11;
				GCC_DYNAMIC_NO_PIC = NO;
				GCC_NO_COMMON_BLOCKS = YES;
				GCC_OPTIMIZATION_LEVEL = 0;
				GCC_PREPROCESSOR_DEFINITIONS = (
					"DEBUG=1",
					"$(inherited)",
				);
				GCC_WARN_64_TO_32_BIT_CONVERSION = YES;
				GCC_WARN_ABOUT_RETURN_TYPE = YES_ERROR;
				GCC_WARN_UNDECLARED_SELECTOR = YES;
				GCC_WARN_UNINITIALIZED_AUTOS = YES_AGGRESSIVE;
				GCC_WARN_UNUSED_FUNCTION = YES;
				GCC_WARN_UNUSED_VARIABLE = YES;
				MTL_ENABLE_DEBUG_INFO = INCLUDE_SOURCE;
				MTL_FAST_MATH = YES;
				ONLY_ACTIVE_ARCH = YES;
				SWIFT_ACTIVE_COMPILATION_CONDITIONS = DEBUG;
				SWIFT_OPTIMIZATION_LEVEL = "-Onone";
			};
			name = Debug;
		};
		B91244FB297E85B300D45632 /* Release */ = {
			isa = XCBuildConfiguration;
			buildSettings = {
				ALWAYS_SEARCH_USER_PATHS = NO;
				CLANG_ANALYZER_NONNULL = YES;
				CLANG_ANALYZER_NUMBER_OBJECT_CONVERSION = YES_AGGRESSIVE;
				CLANG_CXX_LANGUAGE_STANDARD = "gnu++20";
				CLANG_ENABLE_MODULES = YES;
				CLANG_ENABLE_OBJC_ARC = YES;
				CLANG_ENABLE_OBJC_WEAK = YES;
				CLANG_WARN_BLOCK_CAPTURE_AUTORELEASING = YES;
				CLANG_WARN_BOOL_CONVERSION = YES;
				CLANG_WARN_COMMA = YES;
				CLANG_WARN_CONSTANT_CONVERSION = YES;
				CLANG_WARN_DEPRECATED_OBJC_IMPLEMENTATIONS = YES;
				CLANG_WARN_DIRECT_OBJC_ISA_USAGE = YES_ERROR;
				CLANG_WARN_DOCUMENTATION_COMMENTS = YES;
				CLANG_WARN_EMPTY_BODY = YES;
				CLANG_WARN_ENUM_CONVERSION = YES;
				CLANG_WARN_INFINITE_RECURSION = YES;
				CLANG_WARN_INT_CONVERSION = YES;
				CLANG_WARN_NON_LITERAL_NULL_CONVERSION = YES;
				CLANG_WARN_OBJC_IMPLICIT_RETAIN_SELF = YES;
				CLANG_WARN_OBJC_LITERAL_CONVERSION = YES;
				CLANG_WARN_OBJC_ROOT_CLASS = YES_ERROR;
				CLANG_WARN_QUOTED_INCLUDE_IN_FRAMEWORK_HEADER = YES;
				CLANG_WARN_RANGE_LOOP_ANALYSIS = YES;
				CLANG_WARN_STRICT_PROTOTYPES = YES;
				CLANG_WARN_SUSPICIOUS_MOVE = YES;
				CLANG_WARN_UNGUARDED_AVAILABILITY = YES_AGGRESSIVE;
				CLANG_WARN_UNREACHABLE_CODE = YES;
				CLANG_WARN__DUPLICATE_METHOD_MATCH = YES;
				COPY_PHASE_STRIP = NO;
				DEBUG_INFORMATION_FORMAT = "dwarf-with-dsym";
				ENABLE_NS_ASSERTIONS = NO;
				ENABLE_STRICT_OBJC_MSGSEND = YES;
				GCC_C_LANGUAGE_STANDARD = gnu11;
				GCC_NO_COMMON_BLOCKS = YES;
				GCC_WARN_64_TO_32_BIT_CONVERSION = YES;
				GCC_WARN_ABOUT_RETURN_TYPE = YES_ERROR;
				GCC_WARN_UNDECLARED_SELECTOR = YES;
				GCC_WARN_UNINITIALIZED_AUTOS = YES_AGGRESSIVE;
				GCC_WARN_UNUSED_FUNCTION = YES;
				GCC_WARN_UNUSED_VARIABLE = YES;
				MTL_ENABLE_DEBUG_INFO = NO;
				MTL_FAST_MATH = YES;
				SWIFT_COMPILATION_MODE = wholemodule;
				SWIFT_OPTIMIZATION_LEVEL = "-O";
			};
			name = Release;
		};
		B91244FD297E85B300D45632 /* Debug */ = {
			isa = XCBuildConfiguration;
			buildSettings = {
				ASSETCATALOG_COMPILER_APPICON_NAME = AppIcon;
				ASSETCATALOG_COMPILER_GLOBAL_ACCENT_COLOR_NAME = AccentColor;
				CODE_SIGN_ENTITLEMENTS = TripitacaTestApp/TripitacaTestApp.entitlements;
				CODE_SIGN_STYLE = Automatic;
				CURRENT_PROJECT_VERSION = 1;
				DEVELOPMENT_ASSET_PATHS = "\"TripitacaTestApp/Preview Content\"";
				DEVELOPMENT_TEAM = N667Q3BDJ8;
				ENABLE_HARDENED_RUNTIME = YES;
				ENABLE_PREVIEWS = YES;
				GENERATE_INFOPLIST_FILE = YES;
				INFOPLIST_FILE = TripitacaTestApp/Info.plist;
				"INFOPLIST_KEY_UIApplicationSceneManifest_Generation[sdk=iphoneos*]" = YES;
				"INFOPLIST_KEY_UIApplicationSceneManifest_Generation[sdk=iphonesimulator*]" = YES;
				"INFOPLIST_KEY_UIApplicationSupportsIndirectInputEvents[sdk=iphoneos*]" = YES;
				"INFOPLIST_KEY_UIApplicationSupportsIndirectInputEvents[sdk=iphonesimulator*]" = YES;
				"INFOPLIST_KEY_UILaunchScreen_Generation[sdk=iphoneos*]" = YES;
				"INFOPLIST_KEY_UILaunchScreen_Generation[sdk=iphonesimulator*]" = YES;
				"INFOPLIST_KEY_UIStatusBarStyle[sdk=iphoneos*]" = UIStatusBarStyleDefault;
				"INFOPLIST_KEY_UIStatusBarStyle[sdk=iphonesimulator*]" = UIStatusBarStyleDefault;
				INFOPLIST_KEY_UISupportedInterfaceOrientations_iPad = "UIInterfaceOrientationPortrait UIInterfaceOrientationPortraitUpsideDown UIInterfaceOrientationLandscapeLeft UIInterfaceOrientationLandscapeRight";
				INFOPLIST_KEY_UISupportedInterfaceOrientations_iPhone = "UIInterfaceOrientationPortrait UIInterfaceOrientationLandscapeLeft UIInterfaceOrientationLandscapeRight";
				IPHONEOS_DEPLOYMENT_TARGET = 15.0;
				LD_RUNPATH_SEARCH_PATHS = "@executable_path/Frameworks";
				"LD_RUNPATH_SEARCH_PATHS[sdk=macosx*]" = "@executable_path/../Frameworks";
				MACOSX_DEPLOYMENT_TARGET = 12.6;
				MARKETING_VERSION = 1.0;
				PRODUCT_BUNDLE_IDENTIFIER = com.melissakobia.TripitacaTestApp;
				PRODUCT_NAME = "$(TARGET_NAME)";
				SDKROOT = auto;
				SUPPORTED_PLATFORMS = "iphoneos iphonesimulator macosx";
				SWIFT_EMIT_LOC_STRINGS = YES;
				SWIFT_VERSION = 5.0;
				TARGETED_DEVICE_FAMILY = "1,2";
			};
			name = Debug;
		};
		B91244FE297E85B300D45632 /* Release */ = {
			isa = XCBuildConfiguration;
			buildSettings = {
				ASSETCATALOG_COMPILER_APPICON_NAME = AppIcon;
				ASSETCATALOG_COMPILER_GLOBAL_ACCENT_COLOR_NAME = AccentColor;
				CODE_SIGN_ENTITLEMENTS = TripitacaTestApp/TripitacaTestApp.entitlements;
				CODE_SIGN_STYLE = Automatic;
				CURRENT_PROJECT_VERSION = 1;
				DEVELOPMENT_ASSET_PATHS = "\"TripitacaTestApp/Preview Content\"";
				DEVELOPMENT_TEAM = N667Q3BDJ8;
				ENABLE_HARDENED_RUNTIME = YES;
				ENABLE_PREVIEWS = YES;
				GENERATE_INFOPLIST_FILE = YES;
				INFOPLIST_FILE = TripitacaTestApp/Info.plist;
				"INFOPLIST_KEY_UIApplicationSceneManifest_Generation[sdk=iphoneos*]" = YES;
				"INFOPLIST_KEY_UIApplicationSceneManifest_Generation[sdk=iphonesimulator*]" = YES;
				"INFOPLIST_KEY_UIApplicationSupportsIndirectInputEvents[sdk=iphoneos*]" = YES;
				"INFOPLIST_KEY_UIApplicationSupportsIndirectInputEvents[sdk=iphonesimulator*]" = YES;
				"INFOPLIST_KEY_UILaunchScreen_Generation[sdk=iphoneos*]" = YES;
				"INFOPLIST_KEY_UILaunchScreen_Generation[sdk=iphonesimulator*]" = YES;
				"INFOPLIST_KEY_UIStatusBarStyle[sdk=iphoneos*]" = UIStatusBarStyleDefault;
				"INFOPLIST_KEY_UIStatusBarStyle[sdk=iphonesimulator*]" = UIStatusBarStyleDefault;
				INFOPLIST_KEY_UISupportedInterfaceOrientations_iPad = "UIInterfaceOrientationPortrait UIInterfaceOrientationPortraitUpsideDown UIInterfaceOrientationLandscapeLeft UIInterfaceOrientationLandscapeRight";
				INFOPLIST_KEY_UISupportedInterfaceOrientations_iPhone = "UIInterfaceOrientationPortrait UIInterfaceOrientationLandscapeLeft UIInterfaceOrientationLandscapeRight";
				IPHONEOS_DEPLOYMENT_TARGET = 15.0;
				LD_RUNPATH_SEARCH_PATHS = "@executable_path/Frameworks";
				"LD_RUNPATH_SEARCH_PATHS[sdk=macosx*]" = "@executable_path/../Frameworks";
				MACOSX_DEPLOYMENT_TARGET = 12.6;
				MARKETING_VERSION = 1.0;
				PRODUCT_BUNDLE_IDENTIFIER = com.melissakobia.TripitacaTestApp;
				PRODUCT_NAME = "$(TARGET_NAME)";
				SDKROOT = auto;
				SUPPORTED_PLATFORMS = "iphoneos iphonesimulator macosx";
				SWIFT_EMIT_LOC_STRINGS = YES;
				SWIFT_VERSION = 5.0;
				TARGETED_DEVICE_FAMILY = "1,2";
			};
			name = Release;
		};
		B9124500297E85B300D45632 /* Debug */ = {
			isa = XCBuildConfiguration;
			buildSettings = {
				ALWAYS_EMBED_SWIFT_STANDARD_LIBRARIES = YES;
				BUNDLE_LOADER = "$(TEST_HOST)";
				CODE_SIGN_STYLE = Automatic;
				CURRENT_PROJECT_VERSION = 1;
				DEVELOPMENT_TEAM = N667Q3BDJ8;
				GENERATE_INFOPLIST_FILE = YES;
				IPHONEOS_DEPLOYMENT_TARGET = 16.2;
				MACOSX_DEPLOYMENT_TARGET = 12.6;
				MARKETING_VERSION = 1.0;
				PRODUCT_BUNDLE_IDENTIFIER = com.melissakobia.TripitacaTestAppTests;
				PRODUCT_NAME = "$(TARGET_NAME)";
				SDKROOT = auto;
				SUPPORTED_PLATFORMS = "iphoneos iphonesimulator macosx";
				SWIFT_EMIT_LOC_STRINGS = NO;
				SWIFT_VERSION = 5.0;
				TARGETED_DEVICE_FAMILY = "1,2";
				TEST_HOST = "$(BUILT_PRODUCTS_DIR)/TripitacaTestApp.app/$(BUNDLE_EXECUTABLE_FOLDER_PATH)/TripitacaTestApp";
			};
			name = Debug;
		};
		B9124501297E85B300D45632 /* Release */ = {
			isa = XCBuildConfiguration;
			buildSettings = {
				ALWAYS_EMBED_SWIFT_STANDARD_LIBRARIES = YES;
				BUNDLE_LOADER = "$(TEST_HOST)";
				CODE_SIGN_STYLE = Automatic;
				CURRENT_PROJECT_VERSION = 1;
				DEVELOPMENT_TEAM = N667Q3BDJ8;
				GENERATE_INFOPLIST_FILE = YES;
				IPHONEOS_DEPLOYMENT_TARGET = 16.2;
				MACOSX_DEPLOYMENT_TARGET = 12.6;
				MARKETING_VERSION = 1.0;
				PRODUCT_BUNDLE_IDENTIFIER = com.melissakobia.TripitacaTestAppTests;
				PRODUCT_NAME = "$(TARGET_NAME)";
				SDKROOT = auto;
				SUPPORTED_PLATFORMS = "iphoneos iphonesimulator macosx";
				SWIFT_EMIT_LOC_STRINGS = NO;
				SWIFT_VERSION = 5.0;
				TARGETED_DEVICE_FAMILY = "1,2";
				TEST_HOST = "$(BUILT_PRODUCTS_DIR)/TripitacaTestApp.app/$(BUNDLE_EXECUTABLE_FOLDER_PATH)/TripitacaTestApp";
			};
			name = Release;
		};
		B9124503297E85B300D45632 /* Debug */ = {
			isa = XCBuildConfiguration;
			buildSettings = {
				ALWAYS_EMBED_SWIFT_STANDARD_LIBRARIES = YES;
				CODE_SIGN_STYLE = Automatic;
				CURRENT_PROJECT_VERSION = 1;
				DEVELOPMENT_TEAM = N667Q3BDJ8;
				GENERATE_INFOPLIST_FILE = YES;
				IPHONEOS_DEPLOYMENT_TARGET = 16.2;
				MACOSX_DEPLOYMENT_TARGET = 12.6;
				MARKETING_VERSION = 1.0;
				PRODUCT_BUNDLE_IDENTIFIER = com.melissakobia.TripitacaTestAppUITests;
				PRODUCT_NAME = "$(TARGET_NAME)";
				SDKROOT = auto;
				SUPPORTED_PLATFORMS = "iphoneos iphonesimulator macosx";
				SWIFT_EMIT_LOC_STRINGS = NO;
				SWIFT_VERSION = 5.0;
				TARGETED_DEVICE_FAMILY = "1,2";
				TEST_TARGET_NAME = TripitacaTestApp;
			};
			name = Debug;
		};
		B9124504297E85B300D45632 /* Release */ = {
			isa = XCBuildConfiguration;
			buildSettings = {
				ALWAYS_EMBED_SWIFT_STANDARD_LIBRARIES = YES;
				CODE_SIGN_STYLE = Automatic;
				CURRENT_PROJECT_VERSION = 1;
				DEVELOPMENT_TEAM = N667Q3BDJ8;
				GENERATE_INFOPLIST_FILE = YES;
				IPHONEOS_DEPLOYMENT_TARGET = 16.2;
				MACOSX_DEPLOYMENT_TARGET = 12.6;
				MARKETING_VERSION = 1.0;
				PRODUCT_BUNDLE_IDENTIFIER = com.melissakobia.TripitacaTestAppUITests;
				PRODUCT_NAME = "$(TARGET_NAME)";
				SDKROOT = auto;
				SUPPORTED_PLATFORMS = "iphoneos iphonesimulator macosx";
				SWIFT_EMIT_LOC_STRINGS = NO;
				SWIFT_VERSION = 5.0;
				TARGETED_DEVICE_FAMILY = "1,2";
				TEST_TARGET_NAME = TripitacaTestApp;
			};
			name = Release;
		};
/* End XCBuildConfiguration section */

/* Begin XCConfigurationList section */
		B91244D2297E85B100D45632 /* Build configuration list for PBXProject "TripitacaTestApp" */ = {
			isa = XCConfigurationList;
			buildConfigurations = (
				B91244FA297E85B300D45632 /* Debug */,
				B91244FB297E85B300D45632 /* Release */,
			);
			defaultConfigurationIsVisible = 0;
			defaultConfigurationName = Release;
		};
		B91244FC297E85B300D45632 /* Build configuration list for PBXNativeTarget "TripitacaTestApp" */ = {
			isa = XCConfigurationList;
			buildConfigurations = (
				B91244FD297E85B300D45632 /* Debug */,
				B91244FE297E85B300D45632 /* Release */,
			);
			defaultConfigurationIsVisible = 0;
			defaultConfigurationName = Release;
		};
		B91244FF297E85B300D45632 /* Build configuration list for PBXNativeTarget "TripitacaTestAppTests" */ = {
			isa = XCConfigurationList;
			buildConfigurations = (
				B9124500297E85B300D45632 /* Debug */,
				B9124501297E85B300D45632 /* Release */,
			);
			defaultConfigurationIsVisible = 0;
			defaultConfigurationName = Release;
		};
		B9124502297E85B300D45632 /* Build configuration list for PBXNativeTarget "TripitacaTestAppUITests" */ = {
			isa = XCConfigurationList;
			buildConfigurations = (
				B9124503297E85B300D45632 /* Debug */,
				B9124504297E85B300D45632 /* Release */,
			);
			defaultConfigurationIsVisible = 0;
			defaultConfigurationName = Release;
		};
/* End XCConfigurationList section */

/* Begin XCRemoteSwiftPackageReference section */
		B912450A297EAE5300D45632 /* XCRemoteSwiftPackageReference "firebase-ios-sdk" */ = {
			isa = XCRemoteSwiftPackageReference;
			repositoryURL = "https://github.com/firebase/firebase-ios-sdk";
			requirement = {
				branch = master;
				kind = branch;
			};
		};
		B9124528298175C000D45632 /* XCRemoteSwiftPackageReference "SwiftUIFontIcon" */ = {
			isa = XCRemoteSwiftPackageReference;
			repositoryURL = "https://github.com/huybuidac/SwiftUIFontIcon";
			requirement = {
				kind = upToNextMajorVersion;
				minimumVersion = 2.0.0;
			};
		};
		B91245542981E9A200D45632 /* XCRemoteSwiftPackageReference "GoogleSignIn-iOS" */ = {
			isa = XCRemoteSwiftPackageReference;
			repositoryURL = "https://github.com/google/GoogleSignIn-iOS";
			requirement = {
				branch = main;
				kind = branch;
			};
		};
/* End XCRemoteSwiftPackageReference section */

/* Begin XCSwiftPackageProductDependency section */
		B912450B297EAE5300D45632 /* FirebaseAuth */ = {
			isa = XCSwiftPackageProductDependency;
			package = B912450A297EAE5300D45632 /* XCRemoteSwiftPackageReference "firebase-ios-sdk" */;
			productName = FirebaseAuth;
		};
		B912450D297EAE5300D45632 /* FirebaseDatabase */ = {
			isa = XCSwiftPackageProductDependency;
			package = B912450A297EAE5300D45632 /* XCRemoteSwiftPackageReference "firebase-ios-sdk" */;
			productName = FirebaseDatabase;
		};
		B912450F297EAE5300D45632 /* FirebaseDatabaseSwift */ = {
			isa = XCSwiftPackageProductDependency;
			package = B912450A297EAE5300D45632 /* XCRemoteSwiftPackageReference "firebase-ios-sdk" */;
			productName = FirebaseDatabaseSwift;
		};
		B9124529298175C000D45632 /* SwiftUIFontIcon */ = {
			isa = XCSwiftPackageProductDependency;
			package = B9124528298175C000D45632 /* XCRemoteSwiftPackageReference "SwiftUIFontIcon" */;
			productName = SwiftUIFontIcon;
		};
		B91245552981E9A200D45632 /* GoogleSignIn */ = {
			isa = XCSwiftPackageProductDependency;
			package = B91245542981E9A200D45632 /* XCRemoteSwiftPackageReference "GoogleSignIn-iOS" */;
			productName = GoogleSignIn;
		};
/* End XCSwiftPackageProductDependency section */
	};
	rootObject = B91244CF297E85B100D45632 /* Project object */;
}
